
Microsoft Visual Studio Solution File, Format Version 12.00
# Visual Studio 14
VisualStudioVersion = 14.0.23107.0
MinimumVisualStudioVersion = 10.0.40219.1
Project("{2150E333-8FDC-42A3-9474-1A3956D46DE8}") = "Solution Items", "Solution Items", "{0F7765AF-8A76-4410-A2E8-93CF90CE4259}"
	ProjectSection(SolutionItems) = preProject
		BSVoertuigEnKlantbeheer\Schema\Minor.Case2.BSVoertuigEnKlantbeheer.V1.Messages.xsd = BSVoertuigEnKlantbeheer\Schema\Minor.Case2.BSVoertuigEnKlantbeheer.V1.Messages.xsd
		BSVoertuigEnKlantbeheer\Schema\Minor.Case2.BSVoertuigEnKlantbeheer.V1.Schema.xsd = BSVoertuigEnKlantbeheer\Schema\Minor.Case2.BSVoertuigEnKlantbeheer.V1.Schema.xsd
		ISRijksdienstWegVerkeer\Schema\Minor.Case2.ISRijksdienstWegVerkeer.V1.Messages.xsd = ISRijksdienstWegVerkeer\Schema\Minor.Case2.ISRijksdienstWegVerkeer.V1.Messages.xsd
		Minor.Case2.ISRijksdienstWegVerkeer.V1.Schema.xsd = Minor.Case2.ISRijksdienstWegVerkeer.V1.Schema.xsd
	EndProjectSection
EndProject
Global
	GlobalSection(SolutionProperties) = preSolution
		HideSolutionNode = FALSE
	EndGlobalSection
EndGlobal
