
Microsoft Visual Studio Solution File, Format Version 12.00
# Visual Studio 14
VisualStudioVersion = 14.0.23107.0
MinimumVisualStudioVersion = 10.0.40219.1
Project("{FAE04EC0-301F-11D3-BF4B-00C04F79EFBC}") = "03 - Host", "Minor.Case2.ISRDW.Host\03 - Host.csproj", "{F6460C26-34C4-43F1-A930-B2DBBD468875}"
EndProject
Project("{FAE04EC0-301F-11D3-BF4B-00C04F79EFBC}") = "01 - Schema", "Minor.Case2.ISRDW.Schema\01 - Schema.csproj", "{A9C2F4A7-8696-4D6E-913F-E83FE87CCD8D}"
EndProject
Project("{FAE04EC0-301F-11D3-BF4B-00C04F79EFBC}") = "02 - Contract", "Minor.Case2.ISRDW.Contract\02 - Contract.csproj", "{EE2155D2-4752-493F-B525-D26D43EE9F0B}"
EndProject
Project("{FAE04EC0-301F-11D3-BF4B-00C04F79EFBC}") = "04 - Implementation", "Minor.Case2.ISRDW.Implementatie\04 - Implementation.csproj", "{597D4DD4-0496-40FF-806C-10FB1310D518}"
EndProject
Project("{FAE04EC0-301F-11D3-BF4B-00C04F79EFBC}") = "06 - DAL", "Minor.Case2.ISRDW.DAL\06 - DAL.csproj", "{10EB5F09-1684-4970-B99B-8D269F03BEED}"
EndProject
Project("{FAE04EC0-301F-11D3-BF4B-00C04F79EFBC}") = "07 - DAL.Tests", "Minor.Case2.ISRDW.DAL.Tests\07 - DAL.Tests.csproj", "{12F4E73D-2BB8-4EAC-9F9C-0D3B5BD64B72}"
EndProject
Project("{FAE04EC0-301F-11D3-BF4B-00C04F79EFBC}") = "05 - Implementation.Tests", "Minor.Case2.ISRDW.Implementation.Tests\05 - Implementation.Tests.csproj", "{406817E4-BDAB-4210-81F4-98942AEC3C6A}"
EndProject
Global
	GlobalSection(SolutionConfigurationPlatforms) = preSolution
		Debug|Any CPU = Debug|Any CPU
		Release|Any CPU = Release|Any CPU
	EndGlobalSection
	GlobalSection(ProjectConfigurationPlatforms) = postSolution
		{F6460C26-34C4-43F1-A930-B2DBBD468875}.Debug|Any CPU.ActiveCfg = Debug|Any CPU
		{F6460C26-34C4-43F1-A930-B2DBBD468875}.Debug|Any CPU.Build.0 = Debug|Any CPU
		{F6460C26-34C4-43F1-A930-B2DBBD468875}.Release|Any CPU.ActiveCfg = Release|Any CPU
		{F6460C26-34C4-43F1-A930-B2DBBD468875}.Release|Any CPU.Build.0 = Release|Any CPU
		{A9C2F4A7-8696-4D6E-913F-E83FE87CCD8D}.Debug|Any CPU.ActiveCfg = Debug|Any CPU
		{A9C2F4A7-8696-4D6E-913F-E83FE87CCD8D}.Debug|Any CPU.Build.0 = Debug|Any CPU
		{A9C2F4A7-8696-4D6E-913F-E83FE87CCD8D}.Release|Any CPU.ActiveCfg = Release|Any CPU
		{A9C2F4A7-8696-4D6E-913F-E83FE87CCD8D}.Release|Any CPU.Build.0 = Release|Any CPU
		{EE2155D2-4752-493F-B525-D26D43EE9F0B}.Debug|Any CPU.ActiveCfg = Debug|Any CPU
		{EE2155D2-4752-493F-B525-D26D43EE9F0B}.Debug|Any CPU.Build.0 = Debug|Any CPU
		{EE2155D2-4752-493F-B525-D26D43EE9F0B}.Release|Any CPU.ActiveCfg = Release|Any CPU
		{EE2155D2-4752-493F-B525-D26D43EE9F0B}.Release|Any CPU.Build.0 = Release|Any CPU
		{597D4DD4-0496-40FF-806C-10FB1310D518}.Debug|Any CPU.ActiveCfg = Debug|Any CPU
		{597D4DD4-0496-40FF-806C-10FB1310D518}.Debug|Any CPU.Build.0 = Debug|Any CPU
		{597D4DD4-0496-40FF-806C-10FB1310D518}.Release|Any CPU.ActiveCfg = Release|Any CPU
		{597D4DD4-0496-40FF-806C-10FB1310D518}.Release|Any CPU.Build.0 = Release|Any CPU
		{10EB5F09-1684-4970-B99B-8D269F03BEED}.Debug|Any CPU.ActiveCfg = Debug|Any CPU
		{10EB5F09-1684-4970-B99B-8D269F03BEED}.Debug|Any CPU.Build.0 = Debug|Any CPU
		{10EB5F09-1684-4970-B99B-8D269F03BEED}.Release|Any CPU.ActiveCfg = Release|Any CPU
		{10EB5F09-1684-4970-B99B-8D269F03BEED}.Release|Any CPU.Build.0 = Release|Any CPU
		{12F4E73D-2BB8-4EAC-9F9C-0D3B5BD64B72}.Debug|Any CPU.ActiveCfg = Debug|Any CPU
		{12F4E73D-2BB8-4EAC-9F9C-0D3B5BD64B72}.Debug|Any CPU.Build.0 = Debug|Any CPU
		{12F4E73D-2BB8-4EAC-9F9C-0D3B5BD64B72}.Release|Any CPU.ActiveCfg = Release|Any CPU
		{12F4E73D-2BB8-4EAC-9F9C-0D3B5BD64B72}.Release|Any CPU.Build.0 = Release|Any CPU
		{406817E4-BDAB-4210-81F4-98942AEC3C6A}.Debug|Any CPU.ActiveCfg = Debug|Any CPU
		{406817E4-BDAB-4210-81F4-98942AEC3C6A}.Debug|Any CPU.Build.0 = Debug|Any CPU
		{406817E4-BDAB-4210-81F4-98942AEC3C6A}.Release|Any CPU.ActiveCfg = Release|Any CPU
		{406817E4-BDAB-4210-81F4-98942AEC3C6A}.Release|Any CPU.Build.0 = Release|Any CPU
	EndGlobalSection
	GlobalSection(SolutionProperties) = preSolution
		HideSolutionNode = FALSE
	EndGlobalSection
EndGlobal
